// !$*UTF8*$!
{
	archiveVersion = 1;
	classes = {
	};
	objectVersion = 50;
	objects = {

/* Begin PBXBuildFile section */
		291C7E58265AA44B000A2E4E /* WeatherResponse.swift in Sources */ = {isa = PBXBuildFile; fileRef = 291C7E57265AA44B000A2E4E /* WeatherResponse.swift */; };
		291C7E60265AA488000A2E4E /* WeatherForecastResponse.swift in Sources */ = {isa = PBXBuildFile; fileRef = 291C7E5F265AA488000A2E4E /* WeatherForecastResponse.swift */; };
		291C7E65265AA4B8000A2E4E /* WeatherForecastItem.swift in Sources */ = {isa = PBXBuildFile; fileRef = 291C7E64265AA4B8000A2E4E /* WeatherForecastItem.swift */; };
		291C7E6A265AA4E4000A2E4E /* Coordinate.swift in Sources */ = {isa = PBXBuildFile; fileRef = 291C7E69265AA4E4000A2E4E /* Coordinate.swift */; };
		291C7E6F265AA4FD000A2E4E /* Weather.swift in Sources */ = {isa = PBXBuildFile; fileRef = 291C7E6E265AA4FD000A2E4E /* Weather.swift */; };
		291C7E74265AA549000A2E4E /* Main.swift in Sources */ = {isa = PBXBuildFile; fileRef = 291C7E73265AA549000A2E4E /* Main.swift */; };
		291C7E79265AA566000A2E4E /* MainForecast.swift in Sources */ = {isa = PBXBuildFile; fileRef = 291C7E78265AA566000A2E4E /* MainForecast.swift */; };
		291C7E7E265AA592000A2E4E /* Wind.swift in Sources */ = {isa = PBXBuildFile; fileRef = 291C7E7D265AA592000A2E4E /* Wind.swift */; };
		291C7E83265AA5AC000A2E4E /* Cloud.swift in Sources */ = {isa = PBXBuildFile; fileRef = 291C7E82265AA5AC000A2E4E /* Cloud.swift */; };
		291C7E88265AA5D9000A2E4E /* Rain.swift in Sources */ = {isa = PBXBuildFile; fileRef = 291C7E87265AA5D9000A2E4E /* Rain.swift */; };
		291C7E8D265AA604000A2E4E /* City.swift in Sources */ = {isa = PBXBuildFile; fileRef = 291C7E8C265AA604000A2E4E /* City.swift */; };
		291C7E92265AA61D000A2E4E /* Sys.swift in Sources */ = {isa = PBXBuildFile; fileRef = 291C7E91265AA61D000A2E4E /* Sys.swift */; };
		291C7E97265AA63A000A2E4E /* SysForecast.swift in Sources */ = {isa = PBXBuildFile; fileRef = 291C7E96265AA63A000A2E4E /* SysForecast.swift */; };
		291C7EA6265AA78D000A2E4E /* UIView+Extension.swift in Sources */ = {isa = PBXBuildFile; fileRef = 291C7EA5265AA78D000A2E4E /* UIView+Extension.swift */; };
		291C7EB1265B8AE6000A2E4E /* WeatherViewModel.swift in Sources */ = {isa = PBXBuildFile; fileRef = 291C7EB0265B8AE6000A2E4E /* WeatherViewModel.swift */; };
		291C7EBF265B8B68000A2E4E /* WeatherInteractor.swift in Sources */ = {isa = PBXBuildFile; fileRef = 291C7EBE265B8B68000A2E4E /* WeatherInteractor.swift */; };
		2960312A26514C400016B0A1 /* AppDelegate.swift in Sources */ = {isa = PBXBuildFile; fileRef = 2960312926514C400016B0A1 /* AppDelegate.swift */; };
		2960312C26514C400016B0A1 /* SceneDelegate.swift in Sources */ = {isa = PBXBuildFile; fileRef = 2960312B26514C400016B0A1 /* SceneDelegate.swift */; };
		2960313326514C410016B0A1 /* Assets.xcassets in Resources */ = {isa = PBXBuildFile; fileRef = 2960313226514C410016B0A1 /* Assets.xcassets */; };
		2960313626514C410016B0A1 /* LaunchScreen.storyboard in Resources */ = {isa = PBXBuildFile; fileRef = 2960313426514C410016B0A1 /* LaunchScreen.storyboard */; };
		2960314C26514C410016B0A1 /* WeatherAppUITests.swift in Sources */ = {isa = PBXBuildFile; fileRef = 2960314B26514C410016B0A1 /* WeatherAppUITests.swift */; };
		29C3908D265B8D6800B942AA /* WebService.swift in Sources */ = {isa = PBXBuildFile; fileRef = 29C3908C265B8D6800B942AA /* WebService.swift */; };
		29C3909C265BB4EC00B942AA /* WeatherTableViewCell.swift in Sources */ = {isa = PBXBuildFile; fileRef = 29C3909B265BB4EC00B942AA /* WeatherTableViewCell.swift */; };
		29C390A7265BC3E200B942AA /* WeatherType.swift in Sources */ = {isa = PBXBuildFile; fileRef = 29C390A6265BC3E200B942AA /* WeatherType.swift */; };
		29C390AC265BC72500B942AA /* WeatherViewController.swift in Sources */ = {isa = PBXBuildFile; fileRef = 29C390AB265BC72500B942AA /* WeatherViewController.swift */; };
		29C3913D265C002600B942AA /* WeatherViewModelTests.swift in Sources */ = {isa = PBXBuildFile; fileRef = 29C3913C265C002600B942AA /* WeatherViewModelTests.swift */; };
		29C3914D265C143200B942AA /* CLError+Extension.swift in Sources */ = {isa = PBXBuildFile; fileRef = 29C3914C265C143200B942AA /* CLError+Extension.swift */; };
		29C39157265C1C1900B942AA /* Double+Extension.swift in Sources */ = {isa = PBXBuildFile; fileRef = 29C39156265C1C1900B942AA /* Double+Extension.swift */; };
/* End PBXBuildFile section */

/* Begin PBXContainerItemProxy section */
		2960313D26514C410016B0A1 /* PBXContainerItemProxy */ = {
			isa = PBXContainerItemProxy;
			containerPortal = 2960311E26514C400016B0A1 /* Project object */;
			proxyType = 1;
			remoteGlobalIDString = 2960312526514C400016B0A1;
			remoteInfo = WeatherApp;
		};
		2960314826514C410016B0A1 /* PBXContainerItemProxy */ = {
			isa = PBXContainerItemProxy;
			containerPortal = 2960311E26514C400016B0A1 /* Project object */;
			proxyType = 1;
			remoteGlobalIDString = 2960312526514C400016B0A1;
			remoteInfo = WeatherApp;
		};
/* End PBXContainerItemProxy section */

/* Begin PBXFileReference section */
		291C7E57265AA44B000A2E4E /* WeatherResponse.swift */ = {isa = PBXFileReference; lastKnownFileType = sourcecode.swift; path = WeatherResponse.swift; sourceTree = "<group>"; };
		291C7E5F265AA488000A2E4E /* WeatherForecastResponse.swift */ = {isa = PBXFileReference; lastKnownFileType = sourcecode.swift; path = WeatherForecastResponse.swift; sourceTree = "<group>"; };
		291C7E64265AA4B8000A2E4E /* WeatherForecastItem.swift */ = {isa = PBXFileReference; lastKnownFileType = sourcecode.swift; path = WeatherForecastItem.swift; sourceTree = "<group>"; };
		291C7E69265AA4E4000A2E4E /* Coordinate.swift */ = {isa = PBXFileReference; lastKnownFileType = sourcecode.swift; path = Coordinate.swift; sourceTree = "<group>"; };
		291C7E6E265AA4FD000A2E4E /* Weather.swift */ = {isa = PBXFileReference; lastKnownFileType = sourcecode.swift; path = Weather.swift; sourceTree = "<group>"; };
		291C7E73265AA549000A2E4E /* Main.swift */ = {isa = PBXFileReference; lastKnownFileType = sourcecode.swift; path = Main.swift; sourceTree = "<group>"; };
		291C7E78265AA566000A2E4E /* MainForecast.swift */ = {isa = PBXFileReference; lastKnownFileType = sourcecode.swift; path = MainForecast.swift; sourceTree = "<group>"; };
		291C7E7D265AA592000A2E4E /* Wind.swift */ = {isa = PBXFileReference; lastKnownFileType = sourcecode.swift; path = Wind.swift; sourceTree = "<group>"; };
		291C7E82265AA5AC000A2E4E /* Cloud.swift */ = {isa = PBXFileReference; lastKnownFileType = sourcecode.swift; path = Cloud.swift; sourceTree = "<group>"; };
		291C7E87265AA5D9000A2E4E /* Rain.swift */ = {isa = PBXFileReference; lastKnownFileType = sourcecode.swift; path = Rain.swift; sourceTree = "<group>"; };
		291C7E8C265AA604000A2E4E /* City.swift */ = {isa = PBXFileReference; lastKnownFileType = sourcecode.swift; path = City.swift; sourceTree = "<group>"; };
		291C7E91265AA61D000A2E4E /* Sys.swift */ = {isa = PBXFileReference; lastKnownFileType = sourcecode.swift; path = Sys.swift; sourceTree = "<group>"; };
		291C7E96265AA63A000A2E4E /* SysForecast.swift */ = {isa = PBXFileReference; lastKnownFileType = sourcecode.swift; path = SysForecast.swift; sourceTree = "<group>"; };
		291C7EA5265AA78D000A2E4E /* UIView+Extension.swift */ = {isa = PBXFileReference; lastKnownFileType = sourcecode.swift; path = "UIView+Extension.swift"; sourceTree = "<group>"; };
		291C7EB0265B8AE6000A2E4E /* WeatherViewModel.swift */ = {isa = PBXFileReference; lastKnownFileType = sourcecode.swift; path = WeatherViewModel.swift; sourceTree = "<group>"; };
		291C7EBE265B8B68000A2E4E /* WeatherInteractor.swift */ = {isa = PBXFileReference; lastKnownFileType = sourcecode.swift; path = WeatherInteractor.swift; sourceTree = "<group>"; };
		2960312626514C400016B0A1 /* WeatherApp.app */ = {isa = PBXFileReference; explicitFileType = wrapper.application; includeInIndex = 0; path = WeatherApp.app; sourceTree = BUILT_PRODUCTS_DIR; };
		2960312926514C400016B0A1 /* AppDelegate.swift */ = {isa = PBXFileReference; lastKnownFileType = sourcecode.swift; path = AppDelegate.swift; sourceTree = "<group>"; };
		2960312B26514C400016B0A1 /* SceneDelegate.swift */ = {isa = PBXFileReference; lastKnownFileType = sourcecode.swift; path = SceneDelegate.swift; sourceTree = "<group>"; };
		2960313226514C410016B0A1 /* Assets.xcassets */ = {isa = PBXFileReference; lastKnownFileType = folder.assetcatalog; path = Assets.xcassets; sourceTree = "<group>"; };
		2960313526514C410016B0A1 /* Base */ = {isa = PBXFileReference; lastKnownFileType = file.storyboard; name = Base; path = Base.lproj/LaunchScreen.storyboard; sourceTree = "<group>"; };
		2960313726514C410016B0A1 /* Info.plist */ = {isa = PBXFileReference; lastKnownFileType = text.plist.xml; path = Info.plist; sourceTree = "<group>"; };
		2960313C26514C410016B0A1 /* WeatherAppTests.xctest */ = {isa = PBXFileReference; explicitFileType = wrapper.cfbundle; includeInIndex = 0; path = WeatherAppTests.xctest; sourceTree = BUILT_PRODUCTS_DIR; };
		2960314226514C410016B0A1 /* Info.plist */ = {isa = PBXFileReference; lastKnownFileType = text.plist.xml; path = Info.plist; sourceTree = "<group>"; };
		2960314726514C410016B0A1 /* WeatherAppUITests.xctest */ = {isa = PBXFileReference; explicitFileType = wrapper.cfbundle; includeInIndex = 0; path = WeatherAppUITests.xctest; sourceTree = BUILT_PRODUCTS_DIR; };
		2960314B26514C410016B0A1 /* WeatherAppUITests.swift */ = {isa = PBXFileReference; lastKnownFileType = sourcecode.swift; path = WeatherAppUITests.swift; sourceTree = "<group>"; };
		2960314D26514C410016B0A1 /* Info.plist */ = {isa = PBXFileReference; lastKnownFileType = text.plist.xml; path = Info.plist; sourceTree = "<group>"; };
		29C3908C265B8D6800B942AA /* WebService.swift */ = {isa = PBXFileReference; lastKnownFileType = sourcecode.swift; path = WebService.swift; sourceTree = "<group>"; };
		29C3909B265BB4EC00B942AA /* WeatherTableViewCell.swift */ = {isa = PBXFileReference; lastKnownFileType = sourcecode.swift; path = WeatherTableViewCell.swift; sourceTree = "<group>"; };
		29C390A6265BC3E200B942AA /* WeatherType.swift */ = {isa = PBXFileReference; lastKnownFileType = sourcecode.swift; path = WeatherType.swift; sourceTree = "<group>"; };
		29C390AB265BC72500B942AA /* WeatherViewController.swift */ = {isa = PBXFileReference; lastKnownFileType = sourcecode.swift; path = WeatherViewController.swift; sourceTree = "<group>"; };
		29C3913C265C002600B942AA /* WeatherViewModelTests.swift */ = {isa = PBXFileReference; lastKnownFileType = sourcecode.swift; path = WeatherViewModelTests.swift; sourceTree = "<group>"; };
		29C3914C265C143200B942AA /* CLError+Extension.swift */ = {isa = PBXFileReference; lastKnownFileType = sourcecode.swift; path = "CLError+Extension.swift"; sourceTree = "<group>"; };
		29C39156265C1C1900B942AA /* Double+Extension.swift */ = {isa = PBXFileReference; lastKnownFileType = sourcecode.swift; path = "Double+Extension.swift"; sourceTree = "<group>"; };
/* End PBXFileReference section */

/* Begin PBXFrameworksBuildPhase section */
		2960312326514C400016B0A1 /* Frameworks */ = {
			isa = PBXFrameworksBuildPhase;
			buildActionMask = 2147483647;
			files = (
			);
			runOnlyForDeploymentPostprocessing = 0;
		};
		2960313926514C410016B0A1 /* Frameworks */ = {
			isa = PBXFrameworksBuildPhase;
			buildActionMask = 2147483647;
			files = (
			);
			runOnlyForDeploymentPostprocessing = 0;
		};
		2960314426514C410016B0A1 /* Frameworks */ = {
			isa = PBXFrameworksBuildPhase;
			buildActionMask = 2147483647;
			files = (
			);
			runOnlyForDeploymentPostprocessing = 0;
		};
/* End PBXFrameworksBuildPhase section */

/* Begin PBXGroup section */
		291C7E56265A7A0F000A2E4E /* Model */ = {
			isa = PBXGroup;
			children = (
				291C7E57265AA44B000A2E4E /* WeatherResponse.swift */,
				291C7E5F265AA488000A2E4E /* WeatherForecastResponse.swift */,
				291C7E64265AA4B8000A2E4E /* WeatherForecastItem.swift */,
				291C7E69265AA4E4000A2E4E /* Coordinate.swift */,
				291C7E6E265AA4FD000A2E4E /* Weather.swift */,
				291C7E73265AA549000A2E4E /* Main.swift */,
				291C7E78265AA566000A2E4E /* MainForecast.swift */,
				291C7E7D265AA592000A2E4E /* Wind.swift */,
				291C7E82265AA5AC000A2E4E /* Cloud.swift */,
				291C7E87265AA5D9000A2E4E /* Rain.swift */,
				291C7E8C265AA604000A2E4E /* City.swift */,
				291C7E91265AA61D000A2E4E /* Sys.swift */,
				291C7E96265AA63A000A2E4E /* SysForecast.swift */,
			);
			path = Model;
			sourceTree = "<group>";
		};
		291C7EA1265AA74E000A2E4E /* Extension */ = {
			isa = PBXGroup;
			children = (
				291C7EA5265AA78D000A2E4E /* UIView+Extension.swift */,
				29C3914C265C143200B942AA /* CLError+Extension.swift */,
				29C39156265C1C1900B942AA /* Double+Extension.swift */,
			);
			path = Extension;
			sourceTree = "<group>";
		};
		291C7EAF265B8ACA000A2E4E /* ViewModel */ = {
			isa = PBXGroup;
			children = (
				291C7EB0265B8AE6000A2E4E /* WeatherViewModel.swift */,
				29C390A6265BC3E200B942AA /* WeatherType.swift */,
			);
			path = ViewModel;
			sourceTree = "<group>";
		};
		291C7EBD265B8B44000A2E4E /* View */ = {
			isa = PBXGroup;
			children = (
				29C3909A265BB4CF00B942AA /* Cell */,
				29C390AB265BC72500B942AA /* WeatherViewController.swift */,
				291C7EBE265B8B68000A2E4E /* WeatherInteractor.swift */,
			);
			path = View;
			sourceTree = "<group>";
		};
		2960311D26514C400016B0A1 = {
			isa = PBXGroup;
			children = (
				2960312826514C400016B0A1 /* WeatherApp */,
				2960313F26514C410016B0A1 /* WeatherAppTests */,
				2960314A26514C410016B0A1 /* WeatherAppUITests */,
				2960312726514C400016B0A1 /* Products */,
			);
			sourceTree = "<group>";
		};
		2960312726514C400016B0A1 /* Products */ = {
			isa = PBXGroup;
			children = (
				2960312626514C400016B0A1 /* WeatherApp.app */,
				2960313C26514C410016B0A1 /* WeatherAppTests.xctest */,
				2960314726514C410016B0A1 /* WeatherAppUITests.xctest */,
			);
			name = Products;
			sourceTree = "<group>";
		};
		2960312826514C400016B0A1 /* WeatherApp */ = {
			isa = PBXGroup;
			children = (
				29C3908B265B8D2F00B942AA /* Networking */,
				291C7EBD265B8B44000A2E4E /* View */,
				291C7EAF265B8ACA000A2E4E /* ViewModel */,
				291C7EA1265AA74E000A2E4E /* Extension */,
				291C7E56265A7A0F000A2E4E /* Model */,
				2960312926514C400016B0A1 /* AppDelegate.swift */,
				2960312B26514C400016B0A1 /* SceneDelegate.swift */,
				2960313226514C410016B0A1 /* Assets.xcassets */,
				2960313426514C410016B0A1 /* LaunchScreen.storyboard */,
				2960313726514C410016B0A1 /* Info.plist */,
			);
			path = WeatherApp;
			sourceTree = "<group>";
		};
		2960313F26514C410016B0A1 /* WeatherAppTests */ = {
			isa = PBXGroup;
			children = (
				2960314226514C410016B0A1 /* Info.plist */,
				29C3913C265C002600B942AA /* WeatherViewModelTests.swift */,
			);
			path = WeatherAppTests;
			sourceTree = "<group>";
		};
		2960314A26514C410016B0A1 /* WeatherAppUITests */ = {
			isa = PBXGroup;
			children = (
				2960314B26514C410016B0A1 /* WeatherAppUITests.swift */,
				2960314D26514C410016B0A1 /* Info.plist */,
			);
			path = WeatherAppUITests;
			sourceTree = "<group>";
		};
		29C3908B265B8D2F00B942AA /* Networking */ = {
			isa = PBXGroup;
			children = (
				29C3908C265B8D6800B942AA /* WebService.swift */,
			);
			path = Networking;
			sourceTree = "<group>";
		};
		29C3909A265BB4CF00B942AA /* Cell */ = {
			isa = PBXGroup;
			children = (
				29C3909B265BB4EC00B942AA /* WeatherTableViewCell.swift */,
			);
			path = Cell;
			sourceTree = "<group>";
		};
/* End PBXGroup section */

/* Begin PBXNativeTarget section */
		2960312526514C400016B0A1 /* WeatherApp */ = {
			isa = PBXNativeTarget;
			buildConfigurationList = 2960315026514C410016B0A1 /* Build configuration list for PBXNativeTarget "WeatherApp" */;
			buildPhases = (
				2960312226514C400016B0A1 /* Sources */,
				2960312326514C400016B0A1 /* Frameworks */,
				2960312426514C400016B0A1 /* Resources */,
			);
			buildRules = (
			);
			dependencies = (
			);
			name = WeatherApp;
			productName = WeatherApp;
			productReference = 2960312626514C400016B0A1 /* WeatherApp.app */;
			productType = "com.apple.product-type.application";
		};
		2960313B26514C410016B0A1 /* WeatherAppTests */ = {
			isa = PBXNativeTarget;
			buildConfigurationList = 2960315326514C410016B0A1 /* Build configuration list for PBXNativeTarget "WeatherAppTests" */;
			buildPhases = (
				2960313826514C410016B0A1 /* Sources */,
				2960313926514C410016B0A1 /* Frameworks */,
				2960313A26514C410016B0A1 /* Resources */,
			);
			buildRules = (
			);
			dependencies = (
				2960313E26514C410016B0A1 /* PBXTargetDependency */,
			);
			name = WeatherAppTests;
			productName = WeatherAppTests;
			productReference = 2960313C26514C410016B0A1 /* WeatherAppTests.xctest */;
			productType = "com.apple.product-type.bundle.unit-test";
		};
		2960314626514C410016B0A1 /* WeatherAppUITests */ = {
			isa = PBXNativeTarget;
			buildConfigurationList = 2960315626514C410016B0A1 /* Build configuration list for PBXNativeTarget "WeatherAppUITests" */;
			buildPhases = (
				2960314326514C410016B0A1 /* Sources */,
				2960314426514C410016B0A1 /* Frameworks */,
				2960314526514C410016B0A1 /* Resources */,
			);
			buildRules = (
			);
			dependencies = (
				2960314926514C410016B0A1 /* PBXTargetDependency */,
			);
			name = WeatherAppUITests;
			productName = WeatherAppUITests;
			productReference = 2960314726514C410016B0A1 /* WeatherAppUITests.xctest */;
			productType = "com.apple.product-type.bundle.ui-testing";
		};
/* End PBXNativeTarget section */

/* Begin PBXProject section */
		2960311E26514C400016B0A1 /* Project object */ = {
			isa = PBXProject;
			attributes = {
				LastSwiftUpdateCheck = 1230;
				LastUpgradeCheck = 1230;
				TargetAttributes = {
					2960312526514C400016B0A1 = {
						CreatedOnToolsVersion = 12.3;
					};
					2960313B26514C410016B0A1 = {
						CreatedOnToolsVersion = 12.3;
						TestTargetID = 2960312526514C400016B0A1;
					};
					2960314626514C410016B0A1 = {
						CreatedOnToolsVersion = 12.3;
						TestTargetID = 2960312526514C400016B0A1;
					};
				};
			};
			buildConfigurationList = 2960312126514C400016B0A1 /* Build configuration list for PBXProject "WeatherApp" */;
			compatibilityVersion = "Xcode 9.3";
			developmentRegion = en;
			hasScannedForEncodings = 0;
			knownRegions = (
				en,
				Base,
			);
			mainGroup = 2960311D26514C400016B0A1;
			productRefGroup = 2960312726514C400016B0A1 /* Products */;
			projectDirPath = "";
			projectRoot = "";
			targets = (
				2960312526514C400016B0A1 /* WeatherApp */,
				2960313B26514C410016B0A1 /* WeatherAppTests */,
				2960314626514C410016B0A1 /* WeatherAppUITests */,
			);
		};
/* End PBXProject section */

/* Begin PBXResourcesBuildPhase section */
		2960312426514C400016B0A1 /* Resources */ = {
			isa = PBXResourcesBuildPhase;
			buildActionMask = 2147483647;
			files = (
				2960313626514C410016B0A1 /* LaunchScreen.storyboard in Resources */,
				2960313326514C410016B0A1 /* Assets.xcassets in Resources */,
			);
			runOnlyForDeploymentPostprocessing = 0;
		};
		2960313A26514C410016B0A1 /* Resources */ = {
			isa = PBXResourcesBuildPhase;
			buildActionMask = 2147483647;
			files = (
			);
			runOnlyForDeploymentPostprocessing = 0;
		};
		2960314526514C410016B0A1 /* Resources */ = {
			isa = PBXResourcesBuildPhase;
			buildActionMask = 2147483647;
			files = (
			);
			runOnlyForDeploymentPostprocessing = 0;
		};
/* End PBXResourcesBuildPhase section */

/* Begin PBXSourcesBuildPhase section */
		2960312226514C400016B0A1 /* Sources */ = {
			isa = PBXSourcesBuildPhase;
			buildActionMask = 2147483647;
			files = (
				291C7E74265AA549000A2E4E /* Main.swift in Sources */,
				291C7E83265AA5AC000A2E4E /* Cloud.swift in Sources */,
				29C3909C265BB4EC00B942AA /* WeatherTableViewCell.swift in Sources */,
				291C7E97265AA63A000A2E4E /* SysForecast.swift in Sources */,
				29C39157265C1C1900B942AA /* Double+Extension.swift in Sources */,
				291C7E6F265AA4FD000A2E4E /* Weather.swift in Sources */,
				291C7E6A265AA4E4000A2E4E /* Coordinate.swift in Sources */,
				29C390A7265BC3E200B942AA /* WeatherType.swift in Sources */,
				291C7E92265AA61D000A2E4E /* Sys.swift in Sources */,
				291C7EA6265AA78D000A2E4E /* UIView+Extension.swift in Sources */,
				291C7E88265AA5D9000A2E4E /* Rain.swift in Sources */,
				29C3908D265B8D6800B942AA /* WebService.swift in Sources */,
				29C3914D265C143200B942AA /* CLError+Extension.swift in Sources */,
				291C7E8D265AA604000A2E4E /* City.swift in Sources */,
				29C390AC265BC72500B942AA /* WeatherViewController.swift in Sources */,
				291C7E7E265AA592000A2E4E /* Wind.swift in Sources */,
				2960312A26514C400016B0A1 /* AppDelegate.swift in Sources */,
				2960312C26514C400016B0A1 /* SceneDelegate.swift in Sources */,
				291C7E60265AA488000A2E4E /* WeatherForecastResponse.swift in Sources */,
				291C7E79265AA566000A2E4E /* MainForecast.swift in Sources */,
				291C7EB1265B8AE6000A2E4E /* WeatherViewModel.swift in Sources */,
				291C7E65265AA4B8000A2E4E /* WeatherForecastItem.swift in Sources */,
				291C7EBF265B8B68000A2E4E /* WeatherInteractor.swift in Sources */,
				291C7E58265AA44B000A2E4E /* WeatherResponse.swift in Sources */,
			);
			runOnlyForDeploymentPostprocessing = 0;
		};
		2960313826514C410016B0A1 /* Sources */ = {
			isa = PBXSourcesBuildPhase;
			buildActionMask = 2147483647;
			files = (
				29C3913D265C002600B942AA /* WeatherViewModelTests.swift in Sources */,
			);
			runOnlyForDeploymentPostprocessing = 0;
		};
		2960314326514C410016B0A1 /* Sources */ = {
			isa = PBXSourcesBuildPhase;
			buildActionMask = 2147483647;
			files = (
				2960314C26514C410016B0A1 /* WeatherAppUITests.swift in Sources */,
			);
			runOnlyForDeploymentPostprocessing = 0;
		};
/* End PBXSourcesBuildPhase section */

/* Begin PBXTargetDependency section */
		2960313E26514C410016B0A1 /* PBXTargetDependency */ = {
			isa = PBXTargetDependency;
			target = 2960312526514C400016B0A1 /* WeatherApp */;
			targetProxy = 2960313D26514C410016B0A1 /* PBXContainerItemProxy */;
		};
		2960314926514C410016B0A1 /* PBXTargetDependency */ = {
			isa = PBXTargetDependency;
			target = 2960312526514C400016B0A1 /* WeatherApp */;
			targetProxy = 2960314826514C410016B0A1 /* PBXContainerItemProxy */;
		};
/* End PBXTargetDependency section */

/* Begin PBXVariantGroup section */
		2960313426514C410016B0A1 /* LaunchScreen.storyboard */ = {
			isa = PBXVariantGroup;
			children = (
				2960313526514C410016B0A1 /* Base */,
			);
			name = LaunchScreen.storyboard;
			sourceTree = "<group>";
		};
/* End PBXVariantGroup section */

/* Begin XCBuildConfiguration section */
		2960314E26514C410016B0A1 /* Debug */ = {
			isa = XCBuildConfiguration;
			buildSettings = {
				ALWAYS_SEARCH_USER_PATHS = NO;
				CLANG_ANALYZER_NONNULL = YES;
				CLANG_ANALYZER_NUMBER_OBJECT_CONVERSION = YES_AGGRESSIVE;
				CLANG_CXX_LANGUAGE_STANDARD = "gnu++14";
				CLANG_CXX_LIBRARY = "libc++";
				CLANG_ENABLE_MODULES = YES;
				CLANG_ENABLE_OBJC_ARC = YES;
				CLANG_ENABLE_OBJC_WEAK = YES;
				CLANG_WARN_BLOCK_CAPTURE_AUTORELEASING = YES;
				CLANG_WARN_BOOL_CONVERSION = YES;
				CLANG_WARN_COMMA = YES;
				CLANG_WARN_CONSTANT_CONVERSION = YES;
				CLANG_WARN_DEPRECATED_OBJC_IMPLEMENTATIONS = YES;
				CLANG_WARN_DIRECT_OBJC_ISA_USAGE = YES_ERROR;
				CLANG_WARN_DOCUMENTATION_COMMENTS = YES;
				CLANG_WARN_EMPTY_BODY = YES;
				CLANG_WARN_ENUM_CONVERSION = YES;
				CLANG_WARN_INFINITE_RECURSION = YES;
				CLANG_WARN_INT_CONVERSION = YES;
				CLANG_WARN_NON_LITERAL_NULL_CONVERSION = YES;
				CLANG_WARN_OBJC_IMPLICIT_RETAIN_SELF = YES;
				CLANG_WARN_OBJC_LITERAL_CONVERSION = YES;
				CLANG_WARN_OBJC_ROOT_CLASS = YES_ERROR;
				CLANG_WARN_QUOTED_INCLUDE_IN_FRAMEWORK_HEADER = YES;
				CLANG_WARN_RANGE_LOOP_ANALYSIS = YES;
				CLANG_WARN_STRICT_PROTOTYPES = YES;
				CLANG_WARN_SUSPICIOUS_MOVE = YES;
				CLANG_WARN_UNGUARDED_AVAILABILITY = YES_AGGRESSIVE;
				CLANG_WARN_UNREACHABLE_CODE = YES;
				CLANG_WARN__DUPLICATE_METHOD_MATCH = YES;
				COPY_PHASE_STRIP = NO;
				DEBUG_INFORMATION_FORMAT = dwarf;
				ENABLE_STRICT_OBJC_MSGSEND = YES;
				ENABLE_TESTABILITY = YES;
				GCC_C_LANGUAGE_STANDARD = gnu11;
				GCC_DYNAMIC_NO_PIC = NO;
				GCC_NO_COMMON_BLOCKS = YES;
				GCC_OPTIMIZATION_LEVEL = 0;
				GCC_PREPROCESSOR_DEFINITIONS = (
					"DEBUG=1",
					"$(inherited)",
				);
				GCC_WARN_64_TO_32_BIT_CONVERSION = YES;
				GCC_WARN_ABOUT_RETURN_TYPE = YES_ERROR;
				GCC_WARN_UNDECLARED_SELECTOR = YES;
				GCC_WARN_UNINITIALIZED_AUTOS = YES_AGGRESSIVE;
				GCC_WARN_UNUSED_FUNCTION = YES;
				GCC_WARN_UNUSED_VARIABLE = YES;
				IPHONEOS_DEPLOYMENT_TARGET = 14.3;
				MTL_ENABLE_DEBUG_INFO = INCLUDE_SOURCE;
				MTL_FAST_MATH = YES;
				ONLY_ACTIVE_ARCH = YES;
				SDKROOT = iphoneos;
				SWIFT_ACTIVE_COMPILATION_CONDITIONS = DEBUG;
				SWIFT_OPTIMIZATION_LEVEL = "-Onone";
			};
			name = Debug;
		};
		2960314F26514C410016B0A1 /* Release */ = {
			isa = XCBuildConfiguration;
			buildSettings = {
				ALWAYS_SEARCH_USER_PATHS = NO;
				CLANG_ANALYZER_NONNULL = YES;
				CLANG_ANALYZER_NUMBER_OBJECT_CONVERSION = YES_AGGRESSIVE;
				CLANG_CXX_LANGUAGE_STANDARD = "gnu++14";
				CLANG_CXX_LIBRARY = "libc++";
				CLANG_ENABLE_MODULES = YES;
				CLANG_ENABLE_OBJC_ARC = YES;
				CLANG_ENABLE_OBJC_WEAK = YES;
				CLANG_WARN_BLOCK_CAPTURE_AUTORELEASING = YES;
				CLANG_WARN_BOOL_CONVERSION = YES;
				CLANG_WARN_COMMA = YES;
				CLANG_WARN_CONSTANT_CONVERSION = YES;
				CLANG_WARN_DEPRECATED_OBJC_IMPLEMENTATIONS = YES;
				CLANG_WARN_DIRECT_OBJC_ISA_USAGE = YES_ERROR;
				CLANG_WARN_DOCUMENTATION_COMMENTS = YES;
				CLANG_WARN_EMPTY_BODY = YES;
				CLANG_WARN_ENUM_CONVERSION = YES;
				CLANG_WARN_INFINITE_RECURSION = YES;
				CLANG_WARN_INT_CONVERSION = YES;
				CLANG_WARN_NON_LITERAL_NULL_CONVERSION = YES;
				CLANG_WARN_OBJC_IMPLICIT_RETAIN_SELF = YES;
				CLANG_WARN_OBJC_LITERAL_CONVERSION = YES;
				CLANG_WARN_OBJC_ROOT_CLASS = YES_ERROR;
				CLANG_WARN_QUOTED_INCLUDE_IN_FRAMEWORK_HEADER = YES;
				CLANG_WARN_RANGE_LOOP_ANALYSIS = YES;
				CLANG_WARN_STRICT_PROTOTYPES = YES;
				CLANG_WARN_SUSPICIOUS_MOVE = YES;
				CLANG_WARN_UNGUARDED_AVAILABILITY = YES_AGGRESSIVE;
				CLANG_WARN_UNREACHABLE_CODE = YES;
				CLANG_WARN__DUPLICATE_METHOD_MATCH = YES;
				COPY_PHASE_STRIP = NO;
				DEBUG_INFORMATION_FORMAT = "dwarf-with-dsym";
				ENABLE_NS_ASSERTIONS = NO;
				ENABLE_STRICT_OBJC_MSGSEND = YES;
				GCC_C_LANGUAGE_STANDARD = gnu11;
				GCC_NO_COMMON_BLOCKS = YES;
				GCC_WARN_64_TO_32_BIT_CONVERSION = YES;
				GCC_WARN_ABOUT_RETURN_TYPE = YES_ERROR;
				GCC_WARN_UNDECLARED_SELECTOR = YES;
				GCC_WARN_UNINITIALIZED_AUTOS = YES_AGGRESSIVE;
				GCC_WARN_UNUSED_FUNCTION = YES;
				GCC_WARN_UNUSED_VARIABLE = YES;
				IPHONEOS_DEPLOYMENT_TARGET = 14.3;
				MTL_ENABLE_DEBUG_INFO = NO;
				MTL_FAST_MATH = YES;
				SDKROOT = iphoneos;
				SWIFT_COMPILATION_MODE = wholemodule;
				SWIFT_OPTIMIZATION_LEVEL = "-O";
				VALIDATE_PRODUCT = YES;
			};
			name = Release;
		};
		2960315126514C410016B0A1 /* Debug */ = {
			isa = XCBuildConfiguration;
			buildSettings = {
				ASSETCATALOG_COMPILER_APPICON_NAME = AppIcon;
				ASSETCATALOG_COMPILER_GLOBAL_ACCENT_COLOR_NAME = AccentColor;
				CODE_SIGN_STYLE = Automatic;
				DEVELOPMENT_TEAM = PV5J2VG3NQ;
				INFOPLIST_FILE = WeatherApp/Info.plist;
				LD_RUNPATH_SEARCH_PATHS = (
					"$(inherited)",
					"@executable_path/Frameworks",
				);
				PRODUCT_BUNDLE_IDENTIFIER = biz.openbeacon.WeatherApp;
				PRODUCT_NAME = "$(TARGET_NAME)";
				SWIFT_VERSION = 5.0;
				TARGETED_DEVICE_FAMILY = "1,2";
			};
			name = Debug;
		};
		2960315226514C410016B0A1 /* Release */ = {
			isa = XCBuildConfiguration;
			buildSettings = {
				ASSETCATALOG_COMPILER_APPICON_NAME = AppIcon;
				ASSETCATALOG_COMPILER_GLOBAL_ACCENT_COLOR_NAME = AccentColor;
				CODE_SIGN_STYLE = Automatic;
				DEVELOPMENT_TEAM = PV5J2VG3NQ;
				INFOPLIST_FILE = WeatherApp/Info.plist;
				LD_RUNPATH_SEARCH_PATHS = (
					"$(inherited)",
					"@executable_path/Frameworks",
				);
				PRODUCT_BUNDLE_IDENTIFIER = biz.openbeacon.WeatherApp;
				PRODUCT_NAME = "$(TARGET_NAME)";
				SWIFT_VERSION = 5.0;
				TARGETED_DEVICE_FAMILY = "1,2";
			};
			name = Release;
		};
		2960315426514C410016B0A1 /* Debug */ = {
			isa = XCBuildConfiguration;
			buildSettings = {
				ALWAYS_EMBED_SWIFT_STANDARD_LIBRARIES = YES;
				BUNDLE_LOADER = "$(TEST_HOST)";
				CODE_SIGN_STYLE = Automatic;
				INFOPLIST_FILE = WeatherAppTests/Info.plist;
				IPHONEOS_DEPLOYMENT_TARGET = 14.3;
				LD_RUNPATH_SEARCH_PATHS = (
					"$(inherited)",
					"@executable_path/Frameworks",
					"@loader_path/Frameworks",
				);
				PRODUCT_BUNDLE_IDENTIFIER = biz.openbeacon.WeatherAppTests;
				PRODUCT_NAME = "$(TARGET_NAME)";
				SWIFT_VERSION = 5.0;
				TARGETED_DEVICE_FAMILY = "1,2";
				TEST_HOST = "$(BUILT_PRODUCTS_DIR)/WeatherApp.app/WeatherApp";
			};
			name = Debug;
		};
		2960315526514C410016B0A1 /* Release */ = {
			isa = XCBuildConfiguration;
			buildSettings = {
				ALWAYS_EMBED_SWIFT_STANDARD_LIBRARIES = YES;
				BUNDLE_LOADER = "$(TEST_HOST)";
				CODE_SIGN_STYLE = Automatic;
				INFOPLIST_FILE = WeatherAppTests/Info.plist;
				IPHONEOS_DEPLOYMENT_TARGET = 14.3;
				LD_RUNPATH_SEARCH_PATHS = (
					"$(inherited)",
					"@executable_path/Frameworks",
					"@loader_path/Frameworks",
				);
				PRODUCT_BUNDLE_IDENTIFIER = biz.openbeacon.WeatherAppTests;
				PRODUCT_NAME = "$(TARGET_NAME)";
				SWIFT_VERSION = 5.0;
				TARGETED_DEVICE_FAMILY = "1,2";
				TEST_HOST = "$(BUILT_PRODUCTS_DIR)/WeatherApp.app/WeatherApp";
			};
			name = Release;
		};
		2960315726514C410016B0A1 /* Debug */ = {
			isa = XCBuildConfiguration;
			buildSettings = {
				ALWAYS_EMBED_SWIFT_STANDARD_LIBRARIES = YES;
				CODE_SIGN_STYLE = Automatic;
				INFOPLIST_FILE = WeatherAppUITests/Info.plist;
				LD_RUNPATH_SEARCH_PATHS = (
					"$(inherited)",
					"@executable_path/Frameworks",
					"@loader_path/Frameworks",
				);
				PRODUCT_BUNDLE_IDENTIFIER = biz.openbeacon.WeatherAppUITests;
				PRODUCT_NAME = "$(TARGET_NAME)";
				SWIFT_VERSION = 5.0;
				TARGETED_DEVICE_FAMILY = "1,2";
				TEST_TARGET_NAME = WeatherApp;
			};
			name = Debug;
		};
		2960315826514C410016B0A1 /* Release */ = {
			isa = XCBuildConfiguration;
			buildSettings = {
				ALWAYS_EMBED_SWIFT_STANDARD_LIBRARIES = YES;
				CODE_SIGN_STYLE = Automatic;
				INFOPLIST_FILE = WeatherAppUITests/Info.plist;
				LD_RUNPATH_SEARCH_PATHS = (
					"$(inherited)",
					"@executable_path/Frameworks",
					"@loader_path/Frameworks",
				);
				PRODUCT_BUNDLE_IDENTIFIER = biz.openbeacon.WeatherAppUITests;
				PRODUCT_NAME = "$(TARGET_NAME)";
				SWIFT_VERSION = 5.0;
				TARGETED_DEVICE_FAMILY = "1,2";
				TEST_TARGET_NAME = WeatherApp;
			};
			name = Release;
		};
/* End XCBuildConfiguration section */

/* Begin XCConfigurationList section */
		2960312126514C400016B0A1 /* Build configuration list for PBXProject "WeatherApp" */ = {
			isa = XCConfigurationList;
			buildConfigurations = (
				2960314E26514C410016B0A1 /* Debug */,
				2960314F26514C410016B0A1 /* Release */,
			);
			defaultConfigurationIsVisible = 0;
			defaultConfigurationName = Release;
		};
		2960315026514C410016B0A1 /* Build configuration list for PBXNativeTarget "WeatherApp" */ = {
			isa = XCConfigurationList;
			buildConfigurations = (
				2960315126514C410016B0A1 /* Debug */,
				2960315226514C410016B0A1 /* Release */,
			);
			defaultConfigurationIsVisible = 0;
			defaultConfigurationName = Release;
		};
		2960315326514C410016B0A1 /* Build configuration list for PBXNativeTarget "WeatherAppTests" */ = {
			isa = XCConfigurationList;
			buildConfigurations = (
				2960315426514C410016B0A1 /* Debug */,
				2960315526514C410016B0A1 /* Release */,
			);
			defaultConfigurationIsVisible = 0;
			defaultConfigurationName = Release;
		};
		2960315626514C410016B0A1 /* Build configuration list for PBXNativeTarget "WeatherAppUITests" */ = {
			isa = XCConfigurationList;
			buildConfigurations = (
				2960315726514C410016B0A1 /* Debug */,
				2960315826514C410016B0A1 /* Release */,
			);
			defaultConfigurationIsVisible = 0;
			defaultConfigurationName = Release;
		};
/* End XCConfigurationList section */
	};
	rootObject = 2960311E26514C400016B0A1 /* Project object */;
}
